// !$*UTF8*$!
{
	archiveVersion = 1;
	classes = {
	};
	objectVersion = 46;
	objects = {

/* Begin PBXBuildFile section */
		795D12831D142F390016695C /* main.m in Sources */ = {isa = PBXBuildFile; fileRef = 795D12821D142F390016695C /* main.m */; };
		795D12861D142F390016695C /* AppDelegate.m in Sources */ = {isa = PBXBuildFile; fileRef = 795D12851D142F390016695C /* AppDelegate.m */; };
		795D128C1D142F390016695C /* Main.storyboard in Resources */ = {isa = PBXBuildFile; fileRef = 795D128A1D142F390016695C /* Main.storyboard */; };
		795D128E1D142F390016695C /* Assets.xcassets in Resources */ = {isa = PBXBuildFile; fileRef = 795D128D1D142F390016695C /* Assets.xcassets */; };
		795D12911D142F390016695C /* LaunchScreen.storyboard in Resources */ = {isa = PBXBuildFile; fileRef = 795D128F1D142F390016695C /* LaunchScreen.storyboard */; };
		795D129C1D1434140016695C /* Default-568h@2x.png in Resources */ = {isa = PBXBuildFile; fileRef = 795D12991D1434140016695C /* Default-568h@2x.png */; };
		795D129D1D1434140016695C /* Default.png in Resources */ = {isa = PBXBuildFile; fileRef = 795D129A1D1434140016695C /* Default.png */; };
		795D129E1D1434140016695C /* Default@2x.png in Resources */ = {isa = PBXBuildFile; fileRef = 795D129B1D1434140016695C /* Default@2x.png */; };
		795D12A01D1434250016695C /* InfoPlist.strings in Resources */ = {isa = PBXBuildFile; fileRef = 795D129F1D1434250016695C /* InfoPlist.strings */; };
		795D12A71D14346C0016695C /* ViewController.m in Sources */ = {isa = PBXBuildFile; fileRef = 795D12A61D14346C0016695C /* ViewController.m */; };
		795D12AA1D1434F70016695C /* Album.m in Sources */ = {isa = PBXBuildFile; fileRef = 795D12A91D1434F70016695C /* Album.m */; };
		795D12AD1D1437F30016695C /* AlbumView.m in Sources */ = {isa = PBXBuildFile; fileRef = 795D12AC1D1437F30016695C /* AlbumView.m */; };
		795D12B01D143BE70016695C /* LibraryAPI.m in Sources */ = {isa = PBXBuildFile; fileRef = 795D12AF1D143BE70016695C /* LibraryAPI.m */; };
		795D12B31D143D470016695C /* PersistencyManager.m in Sources */ = {isa = PBXBuildFile; fileRef = 795D12B21D143D470016695C /* PersistencyManager.m */; };
		795D12B61D1444E00016695C /* HTTPClient.m in Sources */ = {isa = PBXBuildFile; fileRef = 795D12B51D1444E00016695C /* HTTPClient.m */; };
		795D12B91D1447C60016695C /* Album+TableRepresentation.m in Sources */ = {isa = PBXBuildFile; fileRef = 795D12B81D1447C60016695C /* Album+TableRepresentation.m */; };
/* End PBXBuildFile section */

/* Begin PBXFileReference section */
		795D127E1D142F390016695C /* iOSDesignPatternDemo.app */ = {isa = PBXFileReference; explicitFileType = wrapper.application; includeInIndex = 0; path = iOSDesignPatternDemo.app; sourceTree = BUILT_PRODUCTS_DIR; };
		795D12821D142F390016695C /* main.m */ = {isa = PBXFileReference; lastKnownFileType = sourcecode.c.objc; path = main.m; sourceTree = "<group>"; };
		795D12841D142F390016695C /* AppDelegate.h */ = {isa = PBXFileReference; lastKnownFileType = sourcecode.c.h; path = AppDelegate.h; sourceTree = "<group>"; };
		795D12851D142F390016695C /* AppDelegate.m */ = {isa = PBXFileReference; lastKnownFileType = sourcecode.c.objc; path = AppDelegate.m; sourceTree = "<group>"; };
		795D128B1D142F390016695C /* Base */ = {isa = PBXFileReference; lastKnownFileType = file.storyboard; name = Base; path = Base.lproj/Main.storyboard; sourceTree = "<group>"; };
		795D128D1D142F390016695C /* Assets.xcassets */ = {isa = PBXFileReference; lastKnownFileType = folder.assetcatalog; path = Assets.xcassets; sourceTree = "<group>"; };
		795D12901D142F390016695C /* Base */ = {isa = PBXFileReference; lastKnownFileType = file.storyboard; name = Base; path = Base.lproj/LaunchScreen.storyboard; sourceTree = "<group>"; };
		795D12921D142F390016695C /* Info.plist */ = {isa = PBXFileReference; lastKnownFileType = text.plist.xml; path = Info.plist; sourceTree = "<group>"; };
		795D12981D14340A0016695C /* BlueLibrary-Prefix.pch */ = {isa = PBXFileReference; lastKnownFileType = sourcecode.c.h; path = "BlueLibrary-Prefix.pch"; sourceTree = "<group>"; };
		795D12991D1434140016695C /* Default-568h@2x.png */ = {isa = PBXFileReference; lastKnownFileType = image.png; path = "Default-568h@2x.png"; sourceTree = "<group>"; };
		795D129A1D1434140016695C /* Default.png */ = {isa = PBXFileReference; lastKnownFileType = image.png; path = Default.png; sourceTree = "<group>"; };
		795D129B1D1434140016695C /* Default@2x.png */ = {isa = PBXFileReference; lastKnownFileType = image.png; path = "Default@2x.png"; sourceTree = "<group>"; };
		795D129F1D1434250016695C /* InfoPlist.strings */ = {isa = PBXFileReference; fileEncoding = 4; lastKnownFileType = text.plist.strings; path = InfoPlist.strings; sourceTree = "<group>"; };
		795D12A51D14346C0016695C /* ViewController.h */ = {isa = PBXFileReference; fileEncoding = 4; lastKnownFileType = sourcecode.c.h; path = ViewController.h; sourceTree = "<group>"; };
		795D12A61D14346C0016695C /* ViewController.m */ = {isa = PBXFileReference; fileEncoding = 4; lastKnownFileType = sourcecode.c.objc; path = ViewController.m; sourceTree = "<group>"; };
		795D12A81D1434F70016695C /* Album.h */ = {isa = PBXFileReference; fileEncoding = 4; lastKnownFileType = sourcecode.c.h; path = Album.h; sourceTree = "<group>"; };
		795D12A91D1434F70016695C /* Album.m */ = {isa = PBXFileReference; fileEncoding = 4; lastKnownFileType = sourcecode.c.objc; path = Album.m; sourceTree = "<group>"; };
		795D12AB1D1437F30016695C /* AlbumView.h */ = {isa = PBXFileReference; fileEncoding = 4; lastKnownFileType = sourcecode.c.h; path = AlbumView.h; sourceTree = "<group>"; };
		795D12AC1D1437F30016695C /* AlbumView.m */ = {isa = PBXFileReference; fileEncoding = 4; lastKnownFileType = sourcecode.c.objc; path = AlbumView.m; sourceTree = "<group>"; };
		795D12AE1D143BE70016695C /* LibraryAPI.h */ = {isa = PBXFileReference; fileEncoding = 4; lastKnownFileType = sourcecode.c.h; path = LibraryAPI.h; sourceTree = "<group>"; };
		795D12AF1D143BE70016695C /* LibraryAPI.m */ = {isa = PBXFileReference; fileEncoding = 4; lastKnownFileType = sourcecode.c.objc; path = LibraryAPI.m; sourceTree = "<group>"; };
		795D12B11D143D470016695C /* PersistencyManager.h */ = {isa = PBXFileReference; fileEncoding = 4; lastKnownFileType = sourcecode.c.h; path = PersistencyManager.h; sourceTree = "<group>"; };
		795D12B21D143D470016695C /* PersistencyManager.m */ = {isa = PBXFileReference; fileEncoding = 4; lastKnownFileType = sourcecode.c.objc; path = PersistencyManager.m; sourceTree = "<group>"; };
		795D12B41D1444E00016695C /* HTTPClient.h */ = {isa = PBXFileReference; fileEncoding = 4; lastKnownFileType = sourcecode.c.h; path = HTTPClient.h; sourceTree = "<group>"; };
		795D12B51D1444E00016695C /* HTTPClient.m */ = {isa = PBXFileReference; fileEncoding = 4; lastKnownFileType = sourcecode.c.objc; path = HTTPClient.m; sourceTree = "<group>"; };
		795D12B71D1447C60016695C /* Album+TableRepresentation.h */ = {isa = PBXFileReference; fileEncoding = 4; lastKnownFileType = sourcecode.c.h; path = "Album+TableRepresentation.h"; sourceTree = "<group>"; };
		795D12B81D1447C60016695C /* Album+TableRepresentation.m */ = {isa = PBXFileReference; fileEncoding = 4; lastKnownFileType = sourcecode.c.objc; path = "Album+TableRepresentation.m"; sourceTree = "<group>"; };
/* End PBXFileReference section */

/* Begin PBXFrameworksBuildPhase section */
		795D127B1D142F390016695C /* Frameworks */ = {
			isa = PBXFrameworksBuildPhase;
			buildActionMask = 2147483647;
			files = (
			);
			runOnlyForDeploymentPostprocessing = 0;
		};
/* End PBXFrameworksBuildPhase section */

/* Begin PBXGroup section */
		795D12751D142F390016695C = {
			isa = PBXGroup;
			children = (
				795D12801D142F390016695C /* iOSDesignPatternDemo */,
				795D127F1D142F390016695C /* Products */,
			);
			sourceTree = "<group>";
		};
		795D127F1D142F390016695C /* Products */ = {
			isa = PBXGroup;
			children = (
				795D127E1D142F390016695C /* iOSDesignPatternDemo.app */,
			);
			name = Products;
			sourceTree = "<group>";
		};
		795D12801D142F390016695C /* iOSDesignPatternDemo */ = {
			isa = PBXGroup;
			children = (
				795D12A21D1434520016695C /* Controller */,
				795D12A31D1434520016695C /* Model */,
				795D12A41D1434520016695C /* View */,
				795D12A11D1434460016695C /* API */,
				795D12841D142F390016695C /* AppDelegate.h */,
				795D12851D142F390016695C /* AppDelegate.m */,
				795D128A1D142F390016695C /* Main.storyboard */,
				795D128F1D142F390016695C /* LaunchScreen.storyboard */,
				795D12811D142F390016695C /* Supporting Files */,
			);
			path = iOSDesignPatternDemo;
			sourceTree = "<group>";
		};
		795D12811D142F390016695C /* Supporting Files */ = {
			isa = PBXGroup;
			children = (
				795D128D1D142F390016695C /* Assets.xcassets */,
				795D12921D142F390016695C /* Info.plist */,
				795D129F1D1434250016695C /* InfoPlist.strings */,
				795D12981D14340A0016695C /* BlueLibrary-Prefix.pch */,
				795D12991D1434140016695C /* Default-568h@2x.png */,
				795D129A1D1434140016695C /* Default.png */,
				795D129B1D1434140016695C /* Default@2x.png */,
				795D12821D142F390016695C /* main.m */,
			);
			name = "Supporting Files";
			sourceTree = "<group>";
		};
		795D12A11D1434460016695C /* API */ = {
			isa = PBXGroup;
			children = (
				795D12B41D1444E00016695C /* HTTPClient.h */,
				795D12B51D1444E00016695C /* HTTPClient.m */,
				795D12AE1D143BE70016695C /* LibraryAPI.h */,
				795D12AF1D143BE70016695C /* LibraryAPI.m */,
				795D12B11D143D470016695C /* PersistencyManager.h */,
				795D12B21D143D470016695C /* PersistencyManager.m */,
			);
			path = API;
			sourceTree = "<group>";
		};
		795D12A21D1434520016695C /* Controller */ = {
			isa = PBXGroup;
			children = (
				795D12A51D14346C0016695C /* ViewController.h */,
				795D12A61D14346C0016695C /* ViewController.m */,
			);
			path = Controller;
			sourceTree = "<group>";
		};
		795D12A31D1434520016695C /* Model */ = {
			isa = PBXGroup;
			children = (
				795D12A81D1434F70016695C /* Album.h */,
				795D12A91D1434F70016695C /* Album.m */,
				795D12B71D1447C60016695C /* Album+TableRepresentation.h */,
				795D12B81D1447C60016695C /* Album+TableRepresentation.m */,
			);
			path = Model;
			sourceTree = "<group>";
		};
		795D12A41D1434520016695C /* View */ = {
			isa = PBXGroup;
			children = (
				795D12AB1D1437F30016695C /* AlbumView.h */,
				795D12AC1D1437F30016695C /* AlbumView.m */,
			);
			path = View;
			sourceTree = "<group>";
		};
/* End PBXGroup section */

/* Begin PBXNativeTarget section */
		795D127D1D142F390016695C /* iOSDesignPatternDemo */ = {
			isa = PBXNativeTarget;
			buildConfigurationList = 795D12951D142F390016695C /* Build configuration list for PBXNativeTarget "iOSDesignPatternDemo" */;
			buildPhases = (
				795D127A1D142F390016695C /* Sources */,
				795D127B1D142F390016695C /* Frameworks */,
				795D127C1D142F390016695C /* Resources */,
			);
			buildRules = (
			);
			dependencies = (
			);
			name = iOSDesignPatternDemo;
			productName = iOSDesignPatternDemo;
			productReference = 795D127E1D142F390016695C /* iOSDesignPatternDemo.app */;
			productType = "com.apple.product-type.application";
		};
/* End PBXNativeTarget section */

/* Begin PBXProject section */
		795D12761D142F390016695C /* Project object */ = {
			isa = PBXProject;
			attributes = {
				LastUpgradeCheck = 0730;
				ORGANIZATIONNAME = cn.xupan.www;
				TargetAttributes = {
					795D127D1D142F390016695C = {
						CreatedOnToolsVersion = 7.3.1;
						DevelopmentTeam = XKN7UAR3T4;
					};
				};
			};
			buildConfigurationList = 795D12791D142F390016695C /* Build configuration list for PBXProject "iOSDesignPatternDemo" */;
			compatibilityVersion = "Xcode 3.2";
			developmentRegion = English;
			hasScannedForEncodings = 0;
			knownRegions = (
				en,
				Base,
			);
			mainGroup = 795D12751D142F390016695C;
			productRefGroup = 795D127F1D142F390016695C /* Products */;
			projectDirPath = "";
			projectRoot = "";
			targets = (
				795D127D1D142F390016695C /* iOSDesignPatternDemo */,
			);
		};
/* End PBXProject section */

/* Begin PBXResourcesBuildPhase section */
		795D127C1D142F390016695C /* Resources */ = {
			isa = PBXResourcesBuildPhase;
			buildActionMask = 2147483647;
			files = (
				795D129E1D1434140016695C /* Default@2x.png in Resources */,
				795D12A01D1434250016695C /* InfoPlist.strings in Resources */,
				795D12911D142F390016695C /* LaunchScreen.storyboard in Resources */,
				795D129C1D1434140016695C /* Default-568h@2x.png in Resources */,
				795D128E1D142F390016695C /* Assets.xcassets in Resources */,
				795D128C1D142F390016695C /* Main.storyboard in Resources */,
				795D129D1D1434140016695C /* Default.png in Resources */,
			);
			runOnlyForDeploymentPostprocessing = 0;
		};
/* End PBXResourcesBuildPhase section */

/* Begin PBXSourcesBuildPhase section */
		795D127A1D142F390016695C /* Sources */ = {
			isa = PBXSourcesBuildPhase;
			buildActionMask = 2147483647;
			files = (
				795D12B01D143BE70016695C /* LibraryAPI.m in Sources */,
				795D12A71D14346C0016695C /* ViewController.m in Sources */,
				795D12AD1D1437F30016695C /* AlbumView.m in Sources */,
				795D12861D142F390016695C /* AppDelegate.m in Sources */,
				795D12831D142F390016695C /* main.m in Sources */,
				795D12AA1D1434F70016695C /* Album.m in Sources */,
				795D12B91D1447C60016695C /* Album+TableRepresentation.m in Sources */,
				795D12B61D1444E00016695C /* HTTPClient.m in Sources */,
				795D12B31D143D470016695C /* PersistencyManager.m in Sources */,
			);
			runOnlyForDeploymentPostprocessing = 0;
		};
/* End PBXSourcesBuildPhase section */

/* Begin PBXVariantGroup section */
		795D128A1D142F390016695C /* Main.storyboard */ = {
			isa = PBXVariantGroup;
			children = (
				795D128B1D142F390016695C /* Base */,
			);
			name = Main.storyboard;
			sourceTree = "<group>";
		};
		795D128F1D142F390016695C /* LaunchScreen.storyboard */ = {
			isa = PBXVariantGroup;
			children = (
				795D12901D142F390016695C /* Base */,
			);
			name = LaunchScreen.storyboard;
			sourceTree = "<group>";
		};
/* End PBXVariantGroup section */

/* Begin XCBuildConfiguration section */
		795D12931D142F390016695C /* Debug */ = {
			isa = XCBuildConfiguration;
			buildSettings = {
				ALWAYS_SEARCH_USER_PATHS = NO;
				CLANG_ANALYZER_NONNULL = YES;
				CLANG_CXX_LANGUAGE_STANDARD = "gnu++0x";
				CLANG_CXX_LIBRARY = "libc++";
				CLANG_ENABLE_MODULES = YES;
				CLANG_ENABLE_OBJC_ARC = YES;
				CLANG_WARN_BOOL_CONVERSION = YES;
				CLANG_WARN_CONSTANT_CONVERSION = YES;
				CLANG_WARN_DIRECT_OBJC_ISA_USAGE = YES_ERROR;
				CLANG_WARN_EMPTY_BODY = YES;
				CLANG_WARN_ENUM_CONVERSION = YES;
				CLANG_WARN_INT_CONVERSION = YES;
				CLANG_WARN_OBJC_ROOT_CLASS = YES_ERROR;
				CLANG_WARN_UNREACHABLE_CODE = YES;
				CLANG_WARN__DUPLICATE_METHOD_MATCH = YES;
				"CODE_SIGN_IDENTITY[sdk=iphoneos*]" = "iPhone Developer";
				COPY_PHASE_STRIP = NO;
				DEBUG_INFORMATION_FORMAT = dwarf;
				ENABLE_STRICT_OBJC_MSGSEND = YES;
				ENABLE_TESTABILITY = YES;
				GCC_C_LANGUAGE_STANDARD = gnu99;
				GCC_DYNAMIC_NO_PIC = NO;
				GCC_NO_COMMON_BLOCKS = YES;
				GCC_OPTIMIZATION_LEVEL = 0;
				GCC_PREPROCESSOR_DEFINITIONS = (
					"DEBUG=1",
					"$(inherited)",
				);
				GCC_WARN_64_TO_32_BIT_CONVERSION = YES;
				GCC_WARN_ABOUT_RETURN_TYPE = YES_ERROR;
				GCC_WARN_UNDECLARED_SELECTOR = YES;
				GCC_WARN_UNINITIALIZED_AUTOS = YES_AGGRESSIVE;
				GCC_WARN_UNUSED_FUNCTION = YES;
				GCC_WARN_UNUSED_VARIABLE = YES;
				IPHONEOS_DEPLOYMENT_TARGET = 9.3;
				MTL_ENABLE_DEBUG_INFO = YES;
				ONLY_ACTIVE_ARCH = YES;
				SDKROOT = iphoneos;
			};
			name = Debug;
		};
		795D12941D142F390016695C /* Release */ = {
			isa = XCBuildConfiguration;
			buildSettings = {
				ALWAYS_SEARCH_USER_PATHS = NO;
				CLANG_ANALYZER_NONNULL = YES;
				CLANG_CXX_LANGUAGE_STANDARD = "gnu++0x";
				CLANG_CXX_LIBRARY = "libc++";
				CLANG_ENABLE_MODULES = YES;
				CLANG_ENABLE_OBJC_ARC = YES;
				CLANG_WARN_BOOL_CONVERSION = YES;
				CLANG_WARN_CONSTANT_CONVERSION = YES;
				CLANG_WARN_DIRECT_OBJC_ISA_USAGE = YES_ERROR;
				CLANG_WARN_EMPTY_BODY = YES;
				CLANG_WARN_ENUM_CONVERSION = YES;
				CLANG_WARN_INT_CONVERSION = YES;
				CLANG_WARN_OBJC_ROOT_CLASS = YES_ERROR;
				CLANG_WARN_UNREACHABLE_CODE = YES;
				CLANG_WARN__DUPLICATE_METHOD_MATCH = YES;
				"CODE_SIGN_IDENTITY[sdk=iphoneos*]" = "iPhone Developer";
				COPY_PHASE_STRIP = NO;
				DEBUG_INFORMATION_FORMAT = "dwarf-with-dsym";
				ENABLE_NS_ASSERTIONS = NO;
				ENABLE_STRICT_OBJC_MSGSEND = YES;
				GCC_C_LANGUAGE_STANDARD = gnu99;
				GCC_NO_COMMON_BLOCKS = YES;
				GCC_WARN_64_TO_32_BIT_CONVERSION = YES;
				GCC_WARN_ABOUT_RETURN_TYPE = YES_ERROR;
				GCC_WARN_UNDECLARED_SELECTOR = YES;
				GCC_WARN_UNINITIALIZED_AUTOS = YES_AGGRESSIVE;
				GCC_WARN_UNUSED_FUNCTION = YES;
				GCC_WARN_UNUSED_VARIABLE = YES;
				IPHONEOS_DEPLOYMENT_TARGET = 9.3;
				MTL_ENABLE_DEBUG_INFO = NO;
				SDKROOT = iphoneos;
				VALIDATE_PRODUCT = YES;
			};
			name = Release;
		};
		795D12961D142F390016695C /* Debug */ = {
			isa = XCBuildConfiguration;
			buildSettings = {
				ASSETCATALOG_COMPILER_APPICON_NAME = AppIcon;
				INFOPLIST_FILE = iOSDesignPatternDemo/Info.plist;
				IPHONEOS_DEPLOYMENT_TARGET = 8.0;
				LD_RUNPATH_SEARCH_PATHS = "$(inherited) @executable_path/Frameworks";
				PRODUCT_BUNDLE_IDENTIFIER = cn.xupan.www.iOSDesignPatternDemo;
				PRODUCT_NAME = "$(TARGET_NAME)";
			};
			name = Debug;
		};
		795D12971D142F390016695C /* Release */ = {
			isa = XCBuildConfiguration;
			buildSettings = {
				ASSETCATALOG_COMPILER_APPICON_NAME = AppIcon;
				INFOPLIST_FILE = iOSDesignPatternDemo/Info.plist;
				IPHONEOS_DEPLOYMENT_TARGET = 8.0;
				LD_RUNPATH_SEARCH_PATHS = "$(inherited) @executable_path/Frameworks";
				PRODUCT_BUNDLE_IDENTIFIER = cn.xupan.www.iOSDesignPatternDemo;
				PRODUCT_NAME = "$(TARGET_NAME)";
			};
			name = Release;
		};
/* End XCBuildConfiguration section */

/* Begin XCConfigurationList section */
		795D12791D142F390016695C /* Build configuration list for PBXProject "iOSDesignPatternDemo" */ = {
			isa = XCConfigurationList;
			buildConfigurations = (
				795D12931D142F390016695C /* Debug */,
				795D12941D142F390016695C /* Release */,
			);
			defaultConfigurationIsVisible = 0;
			defaultConfigurationName = Release;
		};
		795D12951D142F390016695C /* Build configuration list for PBXNativeTarget "iOSDesignPatternDemo" */ = {
			isa = XCConfigurationList;
			buildConfigurations = (
				795D12961D142F390016695C /* Debug */,
				795D12971D142F390016695C /* Release */,
			);
			defaultConfigurationIsVisible = 0;
			defaultConfigurationName = Release;
		};
/* End XCConfigurationList section */
	};
	rootObject = 795D12761D142F390016695C /* Project object */;
}
